{
  "name": "codough-plate-ios-uikit",
  "version": "1.0.0",
  "lockfileVersion": 1,
  "requires": true,
  "dependencies": {
    "dotenv": {
      "version": "8.2.0",
      "resolved": "https://registry.npmjs.org/dotenv/-/dotenv-8.2.0.tgz",
      "integrity": "sha512-8sJ78ElpbDJBHNeBzUbUVLsqKdccaa/BXF1uPTw3GrvQTBgrQrtObr2mUrE38vzYd8cEv+m/JBfDLioYcfXoaw=="
    },
    "liquidjs": {
      "version": "9.16.1",
      "resolved": "https://registry.npmjs.org/liquidjs/-/liquidjs-9.16.1.tgz",
      "integrity": "sha512-bo/EpbQ5u3ZIMtk4NT56wWlWi/ZQz0E/x5GB81BmrbU5Txa7Z2Ha08XYZGXTGXlW0wTWwIgDVk//oxMm35Vugw=="
    }
  }
}
